
Microsoft Visual Studio Solution File, Format Version 12.00
# Visual Studio Version 17
VisualStudioVersion = 17.6.33712.159
MinimumVisualStudioVersion = 10.0.40219.1
Project("{9A19103F-16F7-4668-BE54-9A1E7A4F7556}") = "TrackerLibrary", "TrackerLibrary\TrackerLibrary.csproj", "{19910C7F-9FA8-4201-8C92-249BB551CA2A}"
EndProject
Project("{FAE04EC0-301F-11D3-BF4B-00C04F79EFBC}") = "TrackerUI", "TrackerUI\TrackerUI.csproj", "{4DFCFB69-09E5-4671-94D8-DA4B8DFB7365}"
EndProject
Project("{2150E333-8FDC-42A3-9474-1A3956D46DE8}") = "Solution Items", "Solution Items", "{C368B072-3A12-41D2-B8EA-5B2EE184200A}"
	ProjectSection(SolutionItems) = preProject
		.editorconfig = .editorconfig
	EndProjectSection
EndProject
Global
	GlobalSection(SolutionConfigurationPlatforms) = preSolution
		Debug|Any CPU = Debug|Any CPU
		Release|Any CPU = Release|Any CPU
	EndGlobalSection
	GlobalSection(ProjectConfigurationPlatforms) = postSolution
		{19910C7F-9FA8-4201-8C92-249BB551CA2A}.Debug|Any CPU.ActiveCfg = Debug|Any CPU
		{19910C7F-9FA8-4201-8C92-249BB551CA2A}.Debug|Any CPU.Build.0 = Debug|Any CPU
		{19910C7F-9FA8-4201-8C92-249BB551CA2A}.Release|Any CPU.ActiveCfg = Release|Any CPU
		{19910C7F-9FA8-4201-8C92-249BB551CA2A}.Release|Any CPU.Build.0 = Release|Any CPU
		{4DFCFB69-09E5-4671-94D8-DA4B8DFB7365}.Debug|Any CPU.ActiveCfg = Debug|Any CPU
		{4DFCFB69-09E5-4671-94D8-DA4B8DFB7365}.Debug|Any CPU.Build.0 = Debug|Any CPU
		{4DFCFB69-09E5-4671-94D8-DA4B8DFB7365}.Release|Any CPU.ActiveCfg = Release|Any CPU
		{4DFCFB69-09E5-4671-94D8-DA4B8DFB7365}.Release|Any CPU.Build.0 = Release|Any CPU
	EndGlobalSection
	GlobalSection(SolutionProperties) = preSolution
		HideSolutionNode = FALSE
	EndGlobalSection
	GlobalSection(ExtensibilityGlobals) = postSolution
		SolutionGuid = {730E9681-1CE0-4925-B065-AA6D989C5FC8}
	EndGlobalSection
EndGlobal
